
Microsoft Visual Studio Solution File, Format Version 12.00
# Visual Studio Version 17
VisualStudioVersion = 17.8.34408.163
MinimumVisualStudioVersion = 10.0.40219.1
Project("{9A19103F-16F7-4668-BE54-9A1E7A4F7556}") = "WebApplicationMVC", "WebApplicationMVC.csproj", "{B51B921D-8B12-4A33-B4F8-56C371CD79F1}"
EndProject
Global
	GlobalSection(SolutionConfigurationPlatforms) = preSolution
		Debug|Any CPU = Debug|Any CPU
		Release|Any CPU = Release|Any CPU
	EndGlobalSection
	GlobalSection(ProjectConfigurationPlatforms) = postSolution
		{B51B921D-8B12-4A33-B4F8-56C371CD79F1}.Debug|Any CPU.ActiveCfg = Debug|Any CPU
		{B51B921D-8B12-4A33-B4F8-56C371CD79F1}.Debug|Any CPU.Build.0 = Debug|Any CPU
		{B51B921D-8B12-4A33-B4F8-56C371CD79F1}.Release|Any CPU.ActiveCfg = Release|Any CPU
		{B51B921D-8B12-4A33-B4F8-56C371CD79F1}.Release|Any CPU.Build.0 = Release|Any CPU
	EndGlobalSection
	GlobalSection(SolutionProperties) = preSolution
		HideSolutionNode = FALSE
	EndGlobalSection
	GlobalSection(ExtensibilityGlobals) = postSolution
		SolutionGuid = {FAFE4317-2F51-4CF0-9232-8842C9E1A880}
	EndGlobalSection
EndGlobal
